
Microsoft Visual Studio Solution File, Format Version 12.00
# Visual Studio Version 16
VisualStudioVersion = 16.0.31624.102
MinimumVisualStudioVersion = 10.0.40219.1
Project("{FAE04EC0-301F-11D3-BF4B-00C04F79EFBC}") = "FinalProject", "FinalProject\FinalProject.csproj", "{DD644873-CBFF-493E-AA82-720D288C3B0C}"
EndProject
Global
	GlobalSection(SolutionConfigurationPlatforms) = preSolution
		Debug|Any CPU = Debug|Any CPU
		Release|Any CPU = Release|Any CPU
	EndGlobalSection
	GlobalSection(ProjectConfigurationPlatforms) = postSolution
		{DD644873-CBFF-493E-AA82-720D288C3B0C}.Debug|Any CPU.ActiveCfg = Debug|Any CPU
		{DD644873-CBFF-493E-AA82-720D288C3B0C}.Debug|Any CPU.Build.0 = Debug|Any CPU
		{DD644873-CBFF-493E-AA82-720D288C3B0C}.Release|Any CPU.ActiveCfg = Release|Any CPU
		{DD644873-CBFF-493E-AA82-720D288C3B0C}.Release|Any CPU.Build.0 = Release|Any CPU
	EndGlobalSection
	GlobalSection(SolutionProperties) = preSolution
		HideSolutionNode = FALSE
	EndGlobalSection
	GlobalSection(ExtensibilityGlobals) = postSolution
		SolutionGuid = {1A8CD22E-F14B-4B7E-99CE-D2B3350AA7C4}
	EndGlobalSection
EndGlobal
